
Microsoft Visual Studio Solution File, Format Version 12.00
# Visual Studio Version 16
VisualStudioVersion = 16.0.32929.386
MinimumVisualStudioVersion = 10.0.40219.1
Project("{FAE04EC0-301F-11D3-BF4B-00C04F79EFBC}") = "Crudyoutube", "Crudyoutube.csproj", "{24B98387-7A3E-4CC7-96FC-1610B9EC0E7A}"
EndProject
Global
	GlobalSection(SolutionConfigurationPlatforms) = preSolution
		Debug|Any CPU = Debug|Any CPU
		Release|Any CPU = Release|Any CPU
	EndGlobalSection
	GlobalSection(ProjectConfigurationPlatforms) = postSolution
		{24B98387-7A3E-4CC7-96FC-1610B9EC0E7A}.Debug|Any CPU.ActiveCfg = Debug|Any CPU
		{24B98387-7A3E-4CC7-96FC-1610B9EC0E7A}.Debug|Any CPU.Build.0 = Debug|Any CPU
		{24B98387-7A3E-4CC7-96FC-1610B9EC0E7A}.Release|Any CPU.ActiveCfg = Release|Any CPU
		{24B98387-7A3E-4CC7-96FC-1610B9EC0E7A}.Release|Any CPU.Build.0 = Release|Any CPU
	EndGlobalSection
	GlobalSection(SolutionProperties) = preSolution
		HideSolutionNode = FALSE
	EndGlobalSection
	GlobalSection(ExtensibilityGlobals) = postSolution
		SolutionGuid = {78F258D1-1F21-4014-B28E-2FF635FEBB1E}
	EndGlobalSection
EndGlobal
